<?xml version="1.0" encoding="utf-8"?>
<Project ToolsVersion="4.0" xmlns="http://schemas.microsoft.com/developer/msbuild/2003">
  <ItemGroup>
    <Filter Include="Source Files">
      <UniqueIdentifier>{4FC737F1-C7A5-4376-A066-2A32D752A2FF}</UniqueIdentifier>
      <Extensions>cpp;c;cc;cxx;c++;cppm;ixx;def;odl;idl;hpj;bat;asm;asmx</Extensions>
    </Filter>
    <Filter Include="Header Files">
      <UniqueIdentifier>{93995380-89BD-4b04-88EB-625FBE52EBFB}</UniqueIdentifier>
      <Extensions>h;hh;hpp;hxx;h++;hm;inl;inc;ipp;xsd</Extensions>
    </Filter>
    <Filter Include="Resource Files">
      <UniqueIdentifier>{67DA6AB6-F800-4c08-8B7A-83BB121AAD01}</UniqueIdentifier>
      <Extensions>rc;ico;cur;bmp;dlg;rc2;rct;bin;rgs;gif;jpg;jpeg;jpe;resx;tiff;tif;png;wav;mfcribbon-ms</Extensions>
    </Filter>
  </ItemGroup>
  <ItemGroup>
    <ClCompile Include="avt.cpp">
      <Filter>Source Files</Filter>
    </ClCompile>
    <ClCompile Include="unit_tests\utils\test_rgb_color.ixx">
      <Filter>Source Files</Filter>
    </ClCompile>
    <ClCompile Include="unit_tests\utils\test_gray_color.ixx">
      <Filter>Source Files</Filter>
    </ClCompile>
    <ClCompile Include="utils\rgb_color.ixx">
      <Filter>Source Files</Filter>
    </ClCompile>
    <ClCompile Include="utils\gray_color.ixx">
      <Filter>Source Files</Filter>
    </ClCompile>
    <ClCompile Include="utils\size.ixx">
      <Filter>Source Files</Filter>
    </ClCompile>
    <ClCompile Include="unit_tests\utils\test_size.ixx">
      <Filter>Source Files</Filter>
    </ClCompile>
    <ClCompile Include="devices\display_monitor.ixx">
      <Filter>Source Files</Filter>
    </ClCompile>
    <ClCompile Include="devices\monitors_list.ixx">
      <Filter>Source Files</Filter>
    </ClCompile>
    <ClCompile Include="mtmp\thread.ixx">
      <Filter>Source Files</Filter>
    </ClCompile>
    <ClCompile Include="unit_tests\mtmp\test_threads.ixx">
      <Filter>Source Files</Filter>
    </ClCompile>
    <ClCompile Include="mtmp\mutex.ixx">
      <Filter>Source Files</Filter>
    </ClCompile>
    <ClCompile Include="mtmp\signal.ixx">
      <Filter>Source Files</Filter>
    </ClCompile>
    <ClCompile Include="unit_tests\mtmp\test_signal.ixx">
      <Filter>Source Files</Filter>
    </ClCompile>
    <ClCompile Include="mtmp\semaphore.ixx">
      <Filter>Source Files</Filter>
    </ClCompile>
    <ClCompile Include="unit_tests\mtmp\test_mutex.ixx">
      <Filter>Source Files</Filter>
    </ClCompile>
    <ClCompile Include="mtmp\timer.ixx">
      <Filter>Source Files</Filter>
    </ClCompile>
    <ClCompile Include="unit_tests\mtmp\test_timer.ixx">
      <Filter>Source Files</Filter>
    </ClCompile>
    <ClCompile Include="mtmp\watchdog.ixx">
      <Filter>Source Files</Filter>
    </ClCompile>
    <ClCompile Include="unit_tests\mtmp\test_watchdog.ixx">
      <Filter>Source Files</Filter>
    </ClCompile>
    <ClCompile Include="mtmp\barrier.ixx">
      <Filter>Source Files</Filter>
    </ClCompile>
    <ClCompile Include="mtmp\guarded_block.ixx">
      <Filter>Source Files</Filter>
    </ClCompile>
    <ClCompile Include="unit_tests\mtmp\test_barrier.ixx">
      <Filter>Source Files</Filter>
    </ClCompile>
    <ClCompile Include="utils\coords2d.ixx">
      <Filter>Source Files</Filter>
    </ClCompile>
    <ClCompile Include="utils\pair.ixx">
      <Filter>Source Files</Filter>
    </ClCompile>
    <ClCompile Include="utils\range.ixx">
      <Filter>Source Files</Filter>
    </ClCompile>
    <ClCompile Include="utils\utils.ixx">
      <Filter>Source Files</Filter>
    </ClCompile>
    <ClCompile Include="gui\shapes\shape.ixx">
      <Filter>Source Files</Filter>
    </ClCompile>
    <ClCompile Include="video\frame.ixx">
      <Filter>Source Files</Filter>
    </ClCompile>
    <ClCompile Include="unit_tests\gui\shapes\test_shape.ixx">
      <Filter>Source Files</Filter>
    </ClCompile>
    <ClCompile Include="gui\shapes\point.ixx">
      <Filter>Source Files</Filter>
    </ClCompile>
    <ClCompile Include="unit_tests\gui\shapes\test_point.ixx">
      <Filter>Source Files</Filter>
    </ClCompile>
    <ClCompile Include="utils\rgba_color.ixx">
      <Filter>Source Files</Filter>
    </ClCompile>
    <ClCompile Include="gui\shapes\line.ixx">
      <Filter>Source Files</Filter>
    </ClCompile>
    <ClCompile Include="unit_tests\gui\shapes\test_line.ixx">
      <Filter>Source Files</Filter>
    </ClCompile>
    <ClCompile Include="gui\shapes\rect.ixx">
      <Filter>Source Files</Filter>
    </ClCompile>
    <ClCompile Include="unit_tests\gui\shapes\test_rect.ixx">
      <Filter>Source Files</Filter>
    </ClCompile>
    <ClCompile Include="mtmp\scheduler.ixx">
      <Filter>Source Files</Filter>
    </ClCompile>
    <ClCompile Include="gui\avt_window.ixx">
      <Filter>Source Files</Filter>
    </ClCompile>
    <ClCompile Include="avt_config.ixx">
      <Filter>Source Files</Filter>
    </ClCompile>
    <ClCompile Include="gui\items\cursor.ixx">
      <Filter>Source Files</Filter>
    </ClCompile>
    <ClCompile Include="gui\items\view.ixx">
      <Filter>Source Files</Filter>
    </ClCompile>
    <ClCompile Include="gui\fonts\font.ixx">
      <Filter>Source Files</Filter>
    </ClCompile>
    <ClCompile Include="gui\fonts\bold_font.ixx">
      <Filter>Source Files</Filter>
    </ClCompile>
    <ClCompile Include="gui\fonts\italic_font.ixx">
      <Filter>Source Files</Filter>
    </ClCompile>
  </ItemGroup>
  <ItemGroup>
    <ClInclude Include="utils\types.h">
      <Filter>Header Files</Filter>
    </ClInclude>
  </ItemGroup>
</Project>